
Microsoft Visual Studio Solution File, Format Version 12.00
# Visual Studio Version 17
VisualStudioVersion = 17.0.31903.59
MinimumVisualStudioVersion = 10.0.40219.1
Project("{2150E333-8FDC-42A3-9474-1A3956D46DE8}") = "src", "src", "{FF14AF44-AAF5-4188-8DA8-EAC0E0D87F10}"
EndProject
Project("{FAE04EC0-301F-11D3-BF4B-00C04F79EFBC}") = "CommandAPI", "src\CommandAPI\CommandAPI.csproj", "{7963CBFD-5EEC-47AC-A7D2-C8E248B02188}"
EndProject
Project("{2150E333-8FDC-42A3-9474-1A3956D46DE8}") = "test", "test", "{52BDD9BF-28D9-4FE2-90D4-13D2FB25F170}"
EndProject
Project("{FAE04EC0-301F-11D3-BF4B-00C04F79EFBC}") = "CommandAPI.Tests", "test\CommandAPI.Tests\CommandAPI.Tests.csproj", "{5AB95139-10A5-4F78-BF0F-7C1885D3070D}"
EndProject
Global
	GlobalSection(SolutionConfigurationPlatforms) = preSolution
		Debug|Any CPU = Debug|Any CPU
		Release|Any CPU = Release|Any CPU
	EndGlobalSection
	GlobalSection(SolutionProperties) = preSolution
		HideSolutionNode = FALSE
	EndGlobalSection
	GlobalSection(ProjectConfigurationPlatforms) = postSolution
		{7963CBFD-5EEC-47AC-A7D2-C8E248B02188}.Debug|Any CPU.ActiveCfg = Debug|Any CPU
		{7963CBFD-5EEC-47AC-A7D2-C8E248B02188}.Debug|Any CPU.Build.0 = Debug|Any CPU
		{7963CBFD-5EEC-47AC-A7D2-C8E248B02188}.Release|Any CPU.ActiveCfg = Release|Any CPU
		{7963CBFD-5EEC-47AC-A7D2-C8E248B02188}.Release|Any CPU.Build.0 = Release|Any CPU
		{5AB95139-10A5-4F78-BF0F-7C1885D3070D}.Debug|Any CPU.ActiveCfg = Debug|Any CPU
		{5AB95139-10A5-4F78-BF0F-7C1885D3070D}.Debug|Any CPU.Build.0 = Debug|Any CPU
		{5AB95139-10A5-4F78-BF0F-7C1885D3070D}.Release|Any CPU.ActiveCfg = Release|Any CPU
		{5AB95139-10A5-4F78-BF0F-7C1885D3070D}.Release|Any CPU.Build.0 = Release|Any CPU
	EndGlobalSection
	GlobalSection(NestedProjects) = preSolution
		{7963CBFD-5EEC-47AC-A7D2-C8E248B02188} = {FF14AF44-AAF5-4188-8DA8-EAC0E0D87F10}
		{5AB95139-10A5-4F78-BF0F-7C1885D3070D} = {52BDD9BF-28D9-4FE2-90D4-13D2FB25F170}
	EndGlobalSection
EndGlobal
